{
	"name": "theatre-extensions-animations",
	"version": "0.0.1",
	"lockfileVersion": 3,
	"requires": true,
	"packages": {
		"": {
			"name": "theatre-extensions-animations",
			"version": "0.0.1",
			"license": "Apache-2.0",
			"dependencies": {
				"@theatre/dataverse": "0.6.1"
			},
			"peerDependencies": {
				"@theatre/core": "*"
			}
		},
		"node_modules/@theatre/core": {
			"version": "0.7.2",
			"resolved": "https://registry.npmjs.org/@theatre/core/-/core-0.7.2.tgz",
			"integrity": "sha512-IDQa/6WY7mIJAtsSd4EgNcM0IUZkl+FrqZ8DdYiCVTFap9ARDNmrngJOeFjJOsnnaHlc5GdEB/jj7fsjbIrAzQ==",
			"peer": true,
			"dependencies": {
				"@theatre/dataverse": "0.7.2"
			}
		},
		"node_modules/@theatre/core/node_modules/@theatre/dataverse": {
			"version": "0.7.2",
			"resolved": "https://registry.npmjs.org/@theatre/dataverse/-/dataverse-0.7.2.tgz",
			"integrity": "sha512-YyfoyX7EyhFUY2OM5fsM0LPrs1SdgLwpiTMkkvTIoZLdOwvQhstjYq4Yz/8ZncJlRoTWvakfmgvCaBN+QuBYxg==",
			"peer": true,
			"dependencies": {
				"lodash-es": "^4.17.21"
			}
		},
		"node_modules/@theatre/dataverse": {
			"version": "0.6.1",
			"resolved": "https://registry.npmjs.org/@theatre/dataverse/-/dataverse-0.6.1.tgz",
			"integrity": "sha512-iomovt4oWCEAZFP6/BdSJAb2cAjPOs6y3wh7QlrUBmEwdQ/21ISK9N2IsCzlJ0t16w58l7Eh61Gw60Y0t7/uNA==",
			"dependencies": {
				"lodash-es": "^4.17.21"
			}
		},
		"node_modules/lodash-es": {
			"version": "4.17.21",
			"resolved": "https://registry.npmjs.org/lodash-es/-/lodash-es-4.17.21.tgz",
			"integrity": "sha512-mKnC+QJ9pWVzv+C4/U3rRsHapFfHvQFoFB92e52xeyGMcX6/OlIl78je1u8vePzYZSkkogMPJ2yjxxsb89cxyw=="
		}
	}
}
