{
	"name": "theatre-extensions-animations",
	"version": "0.0.1",
	"lockfileVersion": 2,
	"requires": true,
	"packages": {
		"": {
			"name": "theatre-extensions-animations",
			"version": "0.0.1",
			"license": "Apache-2.0",
			"dependencies": {
				"@theatre/dataverse": "0.6.1",
				"three": "^0.153.0"
			},
			"peerDependencies": {
				"@theatre/core": "*"
			}
		},
		"node_modules/@theatre/core": {
			"version": "0.6.1",
			"resolved": "https://registry.npmjs.org/@theatre/core/-/core-0.6.1.tgz",
			"integrity": "sha512-ZvSqAAB2LVVnB6hDzKQOVHjeZtb7Hvqu1IrFRITv4Kq6465Cn9VI2nwcDjelDCOmTIv23pd8d3Fz2DPYjjF9mg==",
			"peer": true,
			"dependencies": {
				"@theatre/dataverse": "0.6.1"
			}
		},
		"node_modules/@theatre/dataverse": {
			"version": "0.6.1",
			"resolved": "https://registry.npmjs.org/@theatre/dataverse/-/dataverse-0.6.1.tgz",
			"integrity": "sha512-iomovt4oWCEAZFP6/BdSJAb2cAjPOs6y3wh7QlrUBmEwdQ/21ISK9N2IsCzlJ0t16w58l7Eh61Gw60Y0t7/uNA==",
			"dependencies": {
				"lodash-es": "^4.17.21"
			}
		},
		"node_modules/lodash-es": {
			"version": "4.17.21",
			"resolved": "https://registry.npmjs.org/lodash-es/-/lodash-es-4.17.21.tgz",
			"integrity": "sha512-mKnC+QJ9pWVzv+C4/U3rRsHapFfHvQFoFB92e52xeyGMcX6/OlIl78je1u8vePzYZSkkogMPJ2yjxxsb89cxyw=="
		},
		"node_modules/three": {
			"version": "0.153.0",
			"resolved": "https://registry.npmjs.org/three/-/three-0.153.0.tgz",
			"integrity": "sha512-OCP2/uQR6GcDpSLnJt/3a4mdS0kNWcbfUXIwLoEMgLzEUIVIYsSDwskpmOii/AkDM+BBwrl6+CKgrjX9+E2aWg=="
		}
	},
	"dependencies": {
		"@theatre/core": {
			"version": "0.6.1",
			"resolved": "https://registry.npmjs.org/@theatre/core/-/core-0.6.1.tgz",
			"integrity": "sha512-ZvSqAAB2LVVnB6hDzKQOVHjeZtb7Hvqu1IrFRITv4Kq6465Cn9VI2nwcDjelDCOmTIv23pd8d3Fz2DPYjjF9mg==",
			"peer": true,
			"requires": {
				"@theatre/dataverse": "0.6.1"
			}
		},
		"@theatre/dataverse": {
			"version": "0.6.1",
			"resolved": "https://registry.npmjs.org/@theatre/dataverse/-/dataverse-0.6.1.tgz",
			"integrity": "sha512-iomovt4oWCEAZFP6/BdSJAb2cAjPOs6y3wh7QlrUBmEwdQ/21ISK9N2IsCzlJ0t16w58l7Eh61Gw60Y0t7/uNA==",
			"requires": {
				"lodash-es": "^4.17.21"
			}
		},
		"lodash-es": {
			"version": "4.17.21",
			"resolved": "https://registry.npmjs.org/lodash-es/-/lodash-es-4.17.21.tgz",
			"integrity": "sha512-mKnC+QJ9pWVzv+C4/U3rRsHapFfHvQFoFB92e52xeyGMcX6/OlIl78je1u8vePzYZSkkogMPJ2yjxxsb89cxyw=="
		},
		"three": {
			"version": "0.153.0",
			"resolved": "https://registry.npmjs.org/three/-/three-0.153.0.tgz",
			"integrity": "sha512-OCP2/uQR6GcDpSLnJt/3a4mdS0kNWcbfUXIwLoEMgLzEUIVIYsSDwskpmOii/AkDM+BBwrl6+CKgrjX9+E2aWg=="
		}
	}
}
